
Microsoft Visual Studio Solution File, Format Version 12.00
# Visual Studio Version 17
VisualStudioVersion = 17.2.32630.192
MinimumVisualStudioVersion = 10.0.40219.1
Project("{FAE04EC0-301F-11D3-BF4B-00C04F79EFBC}") = "NZVolks", "NZVolks\NZVolks.csproj", "{C6EF21A6-6B6D-41BF-AADB-385CC52D39C9}"
EndProject
Global
	GlobalSection(SolutionConfigurationPlatforms) = preSolution
		Debug|Any CPU = Debug|Any CPU
		Release|Any CPU = Release|Any CPU
	EndGlobalSection
	GlobalSection(ProjectConfigurationPlatforms) = postSolution
		{C6EF21A6-6B6D-41BF-AADB-385CC52D39C9}.Debug|Any CPU.ActiveCfg = Debug|Any CPU
		{C6EF21A6-6B6D-41BF-AADB-385CC52D39C9}.Debug|Any CPU.Build.0 = Debug|Any CPU
		{C6EF21A6-6B6D-41BF-AADB-385CC52D39C9}.Release|Any CPU.ActiveCfg = Release|Any CPU
		{C6EF21A6-6B6D-41BF-AADB-385CC52D39C9}.Release|Any CPU.Build.0 = Release|Any CPU
	EndGlobalSection
	GlobalSection(SolutionProperties) = preSolution
		HideSolutionNode = FALSE
	EndGlobalSection
	GlobalSection(ExtensibilityGlobals) = postSolution
		SolutionGuid = {9BCE249F-3764-49FA-8D4A-DBB403441A68}
	EndGlobalSection
EndGlobal
